<?xml version="1.0" encoding="utf-8"?>
<Project ToolsVersion="4.0" xmlns="http://schemas.microsoft.com/developer/msbuild/2003">
  <ItemGroup>
    <Filter Include="소스 파일">
      <UniqueIdentifier>{4FC737F1-C7A5-4376-A066-2A32D752A2FF}</UniqueIdentifier>
      <Extensions>cpp;c;cc;cxx;c++;cppm;ixx;def;odl;idl;hpj;bat;asm;asmx</Extensions>
    </Filter>
    <Filter Include="헤더 파일">
      <UniqueIdentifier>{93995380-89BD-4b04-88EB-625FBE52EBFB}</UniqueIdentifier>
      <Extensions>h;hh;hpp;hxx;h++;hm;inl;inc;ipp;xsd</Extensions>
    </Filter>
    <Filter Include="리소스 파일">
      <UniqueIdentifier>{67DA6AB6-F800-4c08-8B7A-83BB121AAD01}</UniqueIdentifier>
      <Extensions>rc;ico;cur;bmp;dlg;rc2;rct;bin;rgs;gif;jpg;jpeg;jpe;resx;tiff;tif;png;wav;mfcribbon-ms</Extensions>
    </Filter>
    <Filter Include="00.MainGame">
      <UniqueIdentifier>{45f8247c-4e7e-4332-980a-e412ee9026d9}</UniqueIdentifier>
    </Filter>
    <Filter Include="99.header">
      <UniqueIdentifier>{06990f78-95b6-40f9-a83a-12ea9cb54826}</UniqueIdentifier>
    </Filter>
    <Filter Include="01.Object">
      <UniqueIdentifier>{a48318bd-79ab-49b0-87ab-20b48f2bd7fd}</UniqueIdentifier>
    </Filter>
    <Filter Include="02.Design">
      <UniqueIdentifier>{4291b0dc-5d2a-41d8-89e4-60d798a058ab}</UniqueIdentifier>
    </Filter>
    <Filter Include="02.Design\00.AbstractFactory">
      <UniqueIdentifier>{0e1cd61a-079e-4518-93be-da089669f073}</UniqueIdentifier>
    </Filter>
    <Filter Include="01.Object\00.Creature">
      <UniqueIdentifier>{626b2fa5-0e41-4030-99ff-fd7ed5c5805b}</UniqueIdentifier>
    </Filter>
    <Filter Include="01.Object\00.Creature\00.Player">
      <UniqueIdentifier>{30ff9a15-d1fd-42f6-8df2-c69296c4147b}</UniqueIdentifier>
    </Filter>
    <Filter Include="01.Object\00.Creature\01.Bullet">
      <UniqueIdentifier>{cd63bd72-c621-4602-976d-4a303bc42184}</UniqueIdentifier>
    </Filter>
    <Filter Include="01.Object\00.Creature\02.Monstser">
      <UniqueIdentifier>{f22b04d7-5aa2-4978-a020-95b177e0ec2c}</UniqueIdentifier>
    </Filter>
    <Filter Include="01.Object\01.UI">
      <UniqueIdentifier>{cb32919f-9b9e-4a24-8b94-f0a8dfb3bd3e}</UniqueIdentifier>
    </Filter>
    <Filter Include="01.Object\01.UI\00.HpBar">
      <UniqueIdentifier>{7c762a86-0ecc-44e8-8900-6ec8c6937d7f}</UniqueIdentifier>
    </Filter>
    <Filter Include="01.Object\01.UI\01.JumpChargeBar">
      <UniqueIdentifier>{0ac1fb28-fb3c-4963-a44c-6c682d0cd43e}</UniqueIdentifier>
    </Filter>
    <Filter Include="01.Object\01.UI\02.ShootingChargeBar">
      <UniqueIdentifier>{16ab2ed3-d303-498e-a402-ab2f45c5c191}</UniqueIdentifier>
    </Filter>
    <Filter Include="02.Design\01.Memento">
      <UniqueIdentifier>{e0605273-6632-457e-9e64-3df6e4174eab}</UniqueIdentifier>
    </Filter>
    <Filter Include="02.Design\01.Memento\00.CareTaker">
      <UniqueIdentifier>{df32b4ad-cb90-41bd-a580-5a5d2f770b6d}</UniqueIdentifier>
    </Filter>
  </ItemGroup>
  <ItemGroup>
    <ClInclude Include="framework.h">
      <Filter>헤더 파일</Filter>
    </ClInclude>
    <ClInclude Include="targetver.h">
      <Filter>헤더 파일</Filter>
    </ClInclude>
    <ClInclude Include="Resource.h">
      <Filter>헤더 파일</Filter>
    </ClInclude>
    <ClInclude Include="3rd month.h">
      <Filter>헤더 파일</Filter>
    </ClInclude>
    <ClInclude Include="pch.h">
      <Filter>헤더 파일</Filter>
    </ClInclude>
    <ClInclude Include="MainGame.h">
      <Filter>00.MainGame</Filter>
    </ClInclude>
    <ClInclude Include="Define.h">
      <Filter>99.header</Filter>
    </ClInclude>
    <ClInclude Include="Object.h">
      <Filter>01.Object</Filter>
    </ClInclude>
    <ClInclude Include="Include.h">
      <Filter>99.header</Filter>
    </ClInclude>
    <ClInclude Include="Enum.h">
      <Filter>99.header</Filter>
    </ClInclude>
    <ClInclude Include="Struct.h">
      <Filter>99.header</Filter>
    </ClInclude>
    <ClInclude Include="Functor.h">
      <Filter>99.header</Filter>
    </ClInclude>
    <ClInclude Include="AbstractFactory.h">
      <Filter>02.Design\00.AbstractFactory</Filter>
    </ClInclude>
    <ClInclude Include="UI.h">
      <Filter>01.Object\01.UI</Filter>
    </ClInclude>
    <ClInclude Include="HpBar.h">
      <Filter>01.Object\01.UI\00.HpBar</Filter>
    </ClInclude>
    <ClInclude Include="Monster.h">
      <Filter>01.Object\00.Creature\02.Monstser</Filter>
    </ClInclude>
    <ClInclude Include="Bullet.h">
      <Filter>01.Object\00.Creature\01.Bullet</Filter>
    </ClInclude>
    <ClInclude Include="Player.h">
      <Filter>01.Object\00.Creature\00.Player</Filter>
    </ClInclude>
    <ClInclude Include="Creature.h">
      <Filter>01.Object\00.Creature</Filter>
    </ClInclude>
    <ClInclude Include="JumpChargeBar.h">
      <Filter>01.Object\01.UI\01.JumpChargeBar</Filter>
    </ClInclude>
    <ClInclude Include="ShootingChargeBar.h">
      <Filter>01.Object\01.UI\02.ShootingChargeBar</Filter>
    </ClInclude>
    <ClInclude Include="Memento.h">
      <Filter>02.Design\01.Memento</Filter>
    </ClInclude>
    <ClInclude Include="CareTaker.h">
      <Filter>02.Design\01.Memento\00.CareTaker</Filter>
    </ClInclude>
  </ItemGroup>
  <ItemGroup>
    <ClCompile Include="3rd month.cpp">
      <Filter>소스 파일</Filter>
    </ClCompile>
    <ClCompile Include="pch.cpp">
      <Filter>소스 파일</Filter>
    </ClCompile>
    <ClCompile Include="MainGame.cpp">
      <Filter>00.MainGame</Filter>
    </ClCompile>
    <ClCompile Include="Object.cpp">
      <Filter>01.Object</Filter>
    </ClCompile>
    <ClCompile Include="UI.cpp">
      <Filter>01.Object\01.UI</Filter>
    </ClCompile>
    <ClCompile Include="HpBar.cpp">
      <Filter>01.Object\01.UI\00.HpBar</Filter>
    </ClCompile>
    <ClCompile Include="Monster.cpp">
      <Filter>01.Object\00.Creature\02.Monstser</Filter>
    </ClCompile>
    <ClCompile Include="Bullet.cpp">
      <Filter>01.Object\00.Creature\01.Bullet</Filter>
    </ClCompile>
    <ClCompile Include="Player.cpp">
      <Filter>01.Object\00.Creature\00.Player</Filter>
    </ClCompile>
    <ClCompile Include="Creature.cpp">
      <Filter>01.Object\00.Creature</Filter>
    </ClCompile>
    <ClCompile Include="JumpChargeBar.cpp">
      <Filter>01.Object\01.UI\01.JumpChargeBar</Filter>
    </ClCompile>
    <ClCompile Include="ShootingChargeBar.cpp">
      <Filter>01.Object\01.UI\02.ShootingChargeBar</Filter>
    </ClCompile>
    <ClCompile Include="Memento.cpp">
      <Filter>02.Design\01.Memento</Filter>
    </ClCompile>
    <ClCompile Include="CareTaker.cpp">
      <Filter>02.Design\01.Memento\00.CareTaker</Filter>
    </ClCompile>
  </ItemGroup>
  <ItemGroup>
    <ResourceCompile Include="3rd month.rc">
      <Filter>리소스 파일</Filter>
    </ResourceCompile>
  </ItemGroup>
  <ItemGroup>
    <Image Include="small.ico">
      <Filter>리소스 파일</Filter>
    </Image>
    <Image Include="3rd month.ico">
      <Filter>리소스 파일</Filter>
    </Image>
  </ItemGroup>
</Project>