<?xml version="1.0" encoding="utf-8"?>
<Project ToolsVersion="4.0" xmlns="http://schemas.microsoft.com/developer/msbuild/2003">
  <ItemGroup>
    <Filter Include="99.Headers">
      <UniqueIdentifier>{8f542326-135a-4efa-9bbd-e2bbf0acd864}</UniqueIdentifier>
    </Filter>
    <Filter Include="00.System">
      <UniqueIdentifier>{fa08e36c-7fce-41a1-9926-a59efa496958}</UniqueIdentifier>
    </Filter>
    <Filter Include="01.Utility">
      <UniqueIdentifier>{781d2957-6168-417f-beb2-3644412b655a}</UniqueIdentifier>
    </Filter>
    <Filter Include="01.Utility\99.Super">
      <UniqueIdentifier>{7b8d7c9a-c80c-4ff6-b0ec-1c197db8f322}</UniqueIdentifier>
    </Filter>
    <Filter Include="00.System\00.Device">
      <UniqueIdentifier>{50ee9f1a-5825-4586-b05b-906dae357008}</UniqueIdentifier>
    </Filter>
    <Filter Include="01.Utility\00. GameInstance">
      <UniqueIdentifier>{b01dc0d7-dbb2-4d73-a510-94fc0ba5a31e}</UniqueIdentifier>
    </Filter>
    <Filter Include="01.Utility\01.Level">
      <UniqueIdentifier>{a89e520d-35ec-4047-9656-f5c2e7a6bc67}</UniqueIdentifier>
    </Filter>
    <Filter Include="01.Utility\01.Level\Manager">
      <UniqueIdentifier>{5e824ad9-37b5-44cf-b7e8-a8c5f8e5aebc}</UniqueIdentifier>
    </Filter>
    <Filter Include="01.Utility\02.GameObject">
      <UniqueIdentifier>{8b6916e0-70b5-46f6-9a8f-2354a5ef0d08}</UniqueIdentifier>
    </Filter>
    <Filter Include="01.Utility\02.GameObject\Manager">
      <UniqueIdentifier>{aaf4dbb0-4372-4e04-bf35-e28f557b162c}</UniqueIdentifier>
    </Filter>
    <Filter Include="01.Utility\02.GameObject\Manager\Layer">
      <UniqueIdentifier>{f283493b-e951-41ae-91d1-3ffcf1eb9141}</UniqueIdentifier>
    </Filter>
    <Filter Include="01.Utility\03.Component">
      <UniqueIdentifier>{b5ffd209-0074-4f08-92d2-b3b8a8a9d1ab}</UniqueIdentifier>
    </Filter>
    <Filter Include="01.Utility\03.Component\00.VIBuffer">
      <UniqueIdentifier>{acc01b49-c781-4453-bfb6-87b7d32cef5c}</UniqueIdentifier>
    </Filter>
    <Filter Include="01.Utility\03.Component\00.VIBuffer\00.Rect">
      <UniqueIdentifier>{eb1530dd-d0e4-4217-90ea-49f3190825a4}</UniqueIdentifier>
    </Filter>
    <Filter Include="01.Utility\04.TimeMgr">
      <UniqueIdentifier>{16096ec7-be1a-43b2-8120-318fe6c8da49}</UniqueIdentifier>
    </Filter>
    <Filter Include="01.Utility\05.InputMgr">
      <UniqueIdentifier>{0b3bbc31-737d-4ff9-ad7a-ff009f913de7}</UniqueIdentifier>
    </Filter>
    <Filter Include="01.Utility\03.Component\Manager">
      <UniqueIdentifier>{6bd2a43a-16c7-4428-9f7c-7edd0f19aede}</UniqueIdentifier>
    </Filter>
    <Filter Include="01.Utility\03.Component\01.Renderer">
      <UniqueIdentifier>{eeb99a8d-19f1-46e5-b96e-da3826964b7e}</UniqueIdentifier>
    </Filter>
    <Filter Include="01.Utility\03.Component\02.Texture">
      <UniqueIdentifier>{f0269008-62ba-4c18-b7ea-481fd4912ab9}</UniqueIdentifier>
    </Filter>
    <Filter Include="01.Utility\03.Component\00.VIBuffer\01.Cube">
      <UniqueIdentifier>{a07c0c7f-028c-46a7-802d-fb29c7dfbc62}</UniqueIdentifier>
    </Filter>
    <Filter Include="01.Utility\03.Component\00.VIBuffer\02.Terrain">
      <UniqueIdentifier>{9093b08c-0a2d-41d1-989f-5ec47330d20f}</UniqueIdentifier>
    </Filter>
    <Filter Include="01.Utility\03.Component\03.Transform">
      <UniqueIdentifier>{f8573f2d-33b0-4198-b631-f4c7959987ef}</UniqueIdentifier>
    </Filter>
  </ItemGroup>
  <ItemGroup>
    <ClInclude Include="..\Public\Engine_Define.h">
      <Filter>99.Headers</Filter>
    </ClInclude>
    <ClInclude Include="..\Public\Engine_Macro.h">
      <Filter>99.Headers</Filter>
    </ClInclude>
    <ClInclude Include="..\Public\Engine_Function.h">
      <Filter>99.Headers</Filter>
    </ClInclude>
    <ClInclude Include="..\Public\Base.h">
      <Filter>01.Utility\99.Super</Filter>
    </ClInclude>
    <ClInclude Include="..\Public\GraphicDevice.h">
      <Filter>00.System\00.Device</Filter>
    </ClInclude>
    <ClInclude Include="..\Public\Engine_Typedef.h">
      <Filter>99.Headers</Filter>
    </ClInclude>
    <ClInclude Include="..\public\GameInstance.h">
      <Filter>01.Utility\00. GameInstance</Filter>
    </ClInclude>
    <ClInclude Include="..\Public\Engine_Struct.h">
      <Filter>99.Headers</Filter>
    </ClInclude>
    <ClInclude Include="..\public\InputMgr.h">
      <Filter>01.Utility\05.InputMgr</Filter>
    </ClInclude>
    <ClInclude Include="..\Public\Level.h">
      <Filter>01.Utility\01.Level</Filter>
    </ClInclude>
    <ClInclude Include="..\Public\LevelMgr.h">
      <Filter>01.Utility\01.Level\Manager</Filter>
    </ClInclude>
    <ClInclude Include="..\Public\GameObject.h">
      <Filter>01.Utility\02.GameObject</Filter>
    </ClInclude>
    <ClInclude Include="..\Public\ObjectMgr.h">
      <Filter>01.Utility\02.GameObject\Manager</Filter>
    </ClInclude>
    <ClInclude Include="..\Public\Layer.h">
      <Filter>01.Utility\02.GameObject\Manager\Layer</Filter>
    </ClInclude>
    <ClInclude Include="..\public\Component.h">
      <Filter>01.Utility\03.Component</Filter>
    </ClInclude>
    <ClInclude Include="..\public\VIBuffer.h">
      <Filter>01.Utility\03.Component\00.VIBuffer</Filter>
    </ClInclude>
    <ClInclude Include="..\public\VIBuffer_Rect.h">
      <Filter>01.Utility\03.Component\00.VIBuffer\00.Rect</Filter>
    </ClInclude>
    <ClInclude Include="..\public\TimeMgr.h">
      <Filter>01.Utility\04.TimeMgr</Filter>
    </ClInclude>
    <ClInclude Include="..\public\ComponentMgr.h">
      <Filter>01.Utility\03.Component\Manager</Filter>
    </ClInclude>
    <ClInclude Include="..\public\Renderer.h">
      <Filter>01.Utility\03.Component\01.Renderer</Filter>
    </ClInclude>
    <ClInclude Include="..\public\Texture.h">
      <Filter>01.Utility\03.Component\02.Texture</Filter>
    </ClInclude>
    <ClInclude Include="..\Public\VIBuffer_Cube.h">
      <Filter>01.Utility\03.Component\00.VIBuffer\01.Cube</Filter>
    </ClInclude>
    <ClInclude Include="..\Public\VIBuffer_Terrain.h">
      <Filter>01.Utility\03.Component\00.VIBuffer\02.Terrain</Filter>
    </ClInclude>
    <ClInclude Include="..\Public\Transform.h">
      <Filter>01.Utility\03.Component\03.Transform</Filter>
    </ClInclude>
  </ItemGroup>
  <ItemGroup>
    <ClCompile Include="..\Private\Base.cpp">
      <Filter>01.Utility\99.Super</Filter>
    </ClCompile>
    <ClCompile Include="..\Private\GraphicDevice.cpp">
      <Filter>00.System\00.Device</Filter>
    </ClCompile>
    <ClCompile Include="..\private\GameInstance.cpp">
      <Filter>01.Utility\00. GameInstance</Filter>
    </ClCompile>
    <ClCompile Include="..\private\InputMgr.cpp">
      <Filter>01.Utility\05.InputMgr</Filter>
    </ClCompile>
    <ClCompile Include="..\Private\Level.cpp">
      <Filter>01.Utility\01.Level</Filter>
    </ClCompile>
    <ClCompile Include="..\Private\LevelMgr.cpp">
      <Filter>01.Utility\01.Level\Manager</Filter>
    </ClCompile>
    <ClCompile Include="..\Private\GameObject.cpp">
      <Filter>01.Utility\02.GameObject</Filter>
    </ClCompile>
    <ClCompile Include="..\Private\ObjectMgr.cpp">
      <Filter>01.Utility\02.GameObject\Manager</Filter>
    </ClCompile>
    <ClCompile Include="..\Private\Layer.cpp">
      <Filter>01.Utility\02.GameObject\Manager\Layer</Filter>
    </ClCompile>
    <ClCompile Include="..\private\Component.cpp">
      <Filter>01.Utility\03.Component</Filter>
    </ClCompile>
    <ClCompile Include="..\private\VIBuffer.cpp">
      <Filter>01.Utility\03.Component\00.VIBuffer</Filter>
    </ClCompile>
    <ClCompile Include="..\private\VIBuffer_Rect.cpp">
      <Filter>01.Utility\03.Component\00.VIBuffer\00.Rect</Filter>
    </ClCompile>
    <ClCompile Include="..\private\TimeMgr.cpp">
      <Filter>01.Utility\04.TimeMgr</Filter>
    </ClCompile>
    <ClCompile Include="..\private\ComponentMgr.cpp">
      <Filter>01.Utility\03.Component\Manager</Filter>
    </ClCompile>
    <ClCompile Include="..\private\Renderer.cpp">
      <Filter>01.Utility\03.Component\01.Renderer</Filter>
    </ClCompile>
    <ClCompile Include="..\private\Texture.cpp">
      <Filter>01.Utility\03.Component\02.Texture</Filter>
    </ClCompile>
    <ClCompile Include="..\Private\VIBuffer_Cube.cpp">
      <Filter>01.Utility\03.Component\00.VIBuffer\01.Cube</Filter>
    </ClCompile>
    <ClCompile Include="..\Private\VIBuffer_Terrain.cpp">
      <Filter>01.Utility\03.Component\00.VIBuffer\02.Terrain</Filter>
    </ClCompile>
    <ClCompile Include="..\Private\Transform.cpp">
      <Filter>01.Utility\03.Component\03.Transform</Filter>
    </ClCompile>
  </ItemGroup>
</Project>